
Microsoft Visual Studio Solution File, Format Version 12.00
Project("{FAE04EC0-301F-11D3-BF4B-00C04F79EFBC}") = "Basket", "Basket\Basket.csproj", "{B6650D06-55DE-46C4-BE57-1F237DB0CE5D}"
EndProject
Project("{FAE04EC0-301F-11D3-BF4B-00C04F79EFBC}") = "Basket.Application", "Basket.Application\Basket.Application.csproj", "{5FB1D3E5-4E7A-4D5E-9AA5-E862DF2A50FB}"
EndProject
Project("{FAE04EC0-301F-11D3-BF4B-00C04F79EFBC}") = "Basket.Client", "Basket.Client\Basket.Client.csproj", "{3A81EB5F-B60C-41C2-B653-3DFB37334FA8}"
EndProject
Project("{FAE04EC0-301F-11D3-BF4B-00C04F79EFBC}") = "Basket.Domain", "Basket.Domain\Basket.Domain.csproj", "{0876A3F6-54BE-4221-809C-067E9047E715}"
EndProject
Project("{FAE04EC0-301F-11D3-BF4B-00C04F79EFBC}") = "Basket.Infrastructure", "Basket.Infrastructure\Basket.Infrastructure.csproj", "{2F92E0AF-30F8-4C49-8217-D1F933181E16}"
EndProject
Project("{FAE04EC0-301F-11D3-BF4B-00C04F79EFBC}") = "Basket.Persistance", "Basket.Persistance\Basket.Persistance.csproj", "{C8FACAE5-D611-4504-B858-6A0451EAA01E}"
EndProject
Project("{FAE04EC0-301F-11D3-BF4B-00C04F79EFBC}") = "Basket.Specification", "Basket.Specification\Basket.Specification.csproj", "{FED8B30E-D98A-4924-88E0-785094E328F6}"
EndProject
Global
	GlobalSection(SolutionConfigurationPlatforms) = preSolution
		Debug|Any CPU = Debug|Any CPU
		Release|Any CPU = Release|Any CPU
	EndGlobalSection
	GlobalSection(ProjectConfigurationPlatforms) = postSolution
		{B6650D06-55DE-46C4-BE57-1F237DB0CE5D}.Debug|Any CPU.ActiveCfg = Debug|Any CPU
		{B6650D06-55DE-46C4-BE57-1F237DB0CE5D}.Debug|Any CPU.Build.0 = Debug|Any CPU
		{B6650D06-55DE-46C4-BE57-1F237DB0CE5D}.Release|Any CPU.ActiveCfg = Release|Any CPU
		{B6650D06-55DE-46C4-BE57-1F237DB0CE5D}.Release|Any CPU.Build.0 = Release|Any CPU
		{5FB1D3E5-4E7A-4D5E-9AA5-E862DF2A50FB}.Debug|Any CPU.ActiveCfg = Debug|Any CPU
		{5FB1D3E5-4E7A-4D5E-9AA5-E862DF2A50FB}.Debug|Any CPU.Build.0 = Debug|Any CPU
		{5FB1D3E5-4E7A-4D5E-9AA5-E862DF2A50FB}.Release|Any CPU.ActiveCfg = Release|Any CPU
		{5FB1D3E5-4E7A-4D5E-9AA5-E862DF2A50FB}.Release|Any CPU.Build.0 = Release|Any CPU
		{3A81EB5F-B60C-41C2-B653-3DFB37334FA8}.Debug|Any CPU.ActiveCfg = Debug|Any CPU
		{3A81EB5F-B60C-41C2-B653-3DFB37334FA8}.Debug|Any CPU.Build.0 = Debug|Any CPU
		{3A81EB5F-B60C-41C2-B653-3DFB37334FA8}.Release|Any CPU.ActiveCfg = Release|Any CPU
		{3A81EB5F-B60C-41C2-B653-3DFB37334FA8}.Release|Any CPU.Build.0 = Release|Any CPU
		{0876A3F6-54BE-4221-809C-067E9047E715}.Debug|Any CPU.ActiveCfg = Debug|Any CPU
		{0876A3F6-54BE-4221-809C-067E9047E715}.Debug|Any CPU.Build.0 = Debug|Any CPU
		{0876A3F6-54BE-4221-809C-067E9047E715}.Release|Any CPU.ActiveCfg = Release|Any CPU
		{0876A3F6-54BE-4221-809C-067E9047E715}.Release|Any CPU.Build.0 = Release|Any CPU
		{2F92E0AF-30F8-4C49-8217-D1F933181E16}.Debug|Any CPU.ActiveCfg = Debug|Any CPU
		{2F92E0AF-30F8-4C49-8217-D1F933181E16}.Debug|Any CPU.Build.0 = Debug|Any CPU
		{2F92E0AF-30F8-4C49-8217-D1F933181E16}.Release|Any CPU.ActiveCfg = Release|Any CPU
		{2F92E0AF-30F8-4C49-8217-D1F933181E16}.Release|Any CPU.Build.0 = Release|Any CPU
		{C8FACAE5-D611-4504-B858-6A0451EAA01E}.Debug|Any CPU.ActiveCfg = Debug|Any CPU
		{C8FACAE5-D611-4504-B858-6A0451EAA01E}.Debug|Any CPU.Build.0 = Debug|Any CPU
		{C8FACAE5-D611-4504-B858-6A0451EAA01E}.Release|Any CPU.ActiveCfg = Release|Any CPU
		{C8FACAE5-D611-4504-B858-6A0451EAA01E}.Release|Any CPU.Build.0 = Release|Any CPU
		{FED8B30E-D98A-4924-88E0-785094E328F6}.Debug|Any CPU.ActiveCfg = Debug|Any CPU
		{FED8B30E-D98A-4924-88E0-785094E328F6}.Debug|Any CPU.Build.0 = Debug|Any CPU
		{FED8B30E-D98A-4924-88E0-785094E328F6}.Release|Any CPU.ActiveCfg = Release|Any CPU
		{FED8B30E-D98A-4924-88E0-785094E328F6}.Release|Any CPU.Build.0 = Release|Any CPU
	EndGlobalSection
EndGlobal
